
Microsoft Visual Studio Solution File, Format Version 11.00
# Visual Studio 2010
Project("{FAE04EC0-301F-11D3-BF4B-00C04F79EFBC}") = "Data_Tier", "Data_Tier\Data_Tier.csproj", "{38DA2766-EF2D-47F5-9796-69B00317DE38}"
EndProject
Project("{FAE04EC0-301F-11D3-BF4B-00C04F79EFBC}") = "Business_Tier", "Business_Tier\Business_Tier.csproj", "{5412BA52-0BB0-4AE2-9DD7-7F2CDCBF5BE0}"
EndProject
Project("{FAE04EC0-301F-11D3-BF4B-00C04F79EFBC}") = "GUI_Tier", "GUI_Tier\GUI_Tier.csproj", "{A4DB9C88-41BD-4998-8A31-482399F833FF}"
EndProject
Global
	GlobalSection(SolutionConfigurationPlatforms) = preSolution
		Debug|Any CPU = Debug|Any CPU
		Debug|Mixed Platforms = Debug|Mixed Platforms
		Debug|x86 = Debug|x86
		Release|Any CPU = Release|Any CPU
		Release|Mixed Platforms = Release|Mixed Platforms
		Release|x86 = Release|x86
	EndGlobalSection
	GlobalSection(ProjectConfigurationPlatforms) = postSolution
		{38DA2766-EF2D-47F5-9796-69B00317DE38}.Debug|Any CPU.ActiveCfg = Debug|Any CPU
		{38DA2766-EF2D-47F5-9796-69B00317DE38}.Debug|Any CPU.Build.0 = Debug|Any CPU
		{38DA2766-EF2D-47F5-9796-69B00317DE38}.Debug|Mixed Platforms.ActiveCfg = Debug|Any CPU
		{38DA2766-EF2D-47F5-9796-69B00317DE38}.Debug|Mixed Platforms.Build.0 = Debug|Any CPU
		{38DA2766-EF2D-47F5-9796-69B00317DE38}.Debug|x86.ActiveCfg = Debug|Any CPU
		{38DA2766-EF2D-47F5-9796-69B00317DE38}.Release|Any CPU.ActiveCfg = Release|Any CPU
		{38DA2766-EF2D-47F5-9796-69B00317DE38}.Release|Any CPU.Build.0 = Release|Any CPU
		{38DA2766-EF2D-47F5-9796-69B00317DE38}.Release|Mixed Platforms.ActiveCfg = Release|Any CPU
		{38DA2766-EF2D-47F5-9796-69B00317DE38}.Release|Mixed Platforms.Build.0 = Release|Any CPU
		{38DA2766-EF2D-47F5-9796-69B00317DE38}.Release|x86.ActiveCfg = Release|Any CPU
		{5412BA52-0BB0-4AE2-9DD7-7F2CDCBF5BE0}.Debug|Any CPU.ActiveCfg = Debug|Any CPU
		{5412BA52-0BB0-4AE2-9DD7-7F2CDCBF5BE0}.Debug|Any CPU.Build.0 = Debug|Any CPU
		{5412BA52-0BB0-4AE2-9DD7-7F2CDCBF5BE0}.Debug|Mixed Platforms.ActiveCfg = Debug|Any CPU
		{5412BA52-0BB0-4AE2-9DD7-7F2CDCBF5BE0}.Debug|Mixed Platforms.Build.0 = Debug|Any CPU
		{5412BA52-0BB0-4AE2-9DD7-7F2CDCBF5BE0}.Debug|x86.ActiveCfg = Debug|Any CPU
		{5412BA52-0BB0-4AE2-9DD7-7F2CDCBF5BE0}.Release|Any CPU.ActiveCfg = Release|Any CPU
		{5412BA52-0BB0-4AE2-9DD7-7F2CDCBF5BE0}.Release|Any CPU.Build.0 = Release|Any CPU
		{5412BA52-0BB0-4AE2-9DD7-7F2CDCBF5BE0}.Release|Mixed Platforms.ActiveCfg = Release|Any CPU
		{5412BA52-0BB0-4AE2-9DD7-7F2CDCBF5BE0}.Release|Mixed Platforms.Build.0 = Release|Any CPU
		{5412BA52-0BB0-4AE2-9DD7-7F2CDCBF5BE0}.Release|x86.ActiveCfg = Release|Any CPU
		{A4DB9C88-41BD-4998-8A31-482399F833FF}.Debug|Any CPU.ActiveCfg = Debug|x86
		{A4DB9C88-41BD-4998-8A31-482399F833FF}.Debug|Mixed Platforms.ActiveCfg = Debug|x86
		{A4DB9C88-41BD-4998-8A31-482399F833FF}.Debug|Mixed Platforms.Build.0 = Debug|x86
		{A4DB9C88-41BD-4998-8A31-482399F833FF}.Debug|x86.ActiveCfg = Debug|x86
		{A4DB9C88-41BD-4998-8A31-482399F833FF}.Debug|x86.Build.0 = Debug|x86
		{A4DB9C88-41BD-4998-8A31-482399F833FF}.Release|Any CPU.ActiveCfg = Release|x86
		{A4DB9C88-41BD-4998-8A31-482399F833FF}.Release|Mixed Platforms.ActiveCfg = Release|x86
		{A4DB9C88-41BD-4998-8A31-482399F833FF}.Release|Mixed Platforms.Build.0 = Release|x86
		{A4DB9C88-41BD-4998-8A31-482399F833FF}.Release|x86.ActiveCfg = Release|x86
		{A4DB9C88-41BD-4998-8A31-482399F833FF}.Release|x86.Build.0 = Release|x86
	EndGlobalSection
	GlobalSection(SolutionProperties) = preSolution
		HideSolutionNode = FALSE
	EndGlobalSection
EndGlobal
